
Microsoft Visual Studio Solution File, Format Version 12.00
Project("{2150E333-8FDC-42A3-9474-1A3956D46DE8}") = "Modules", "Modules", "{72F3B8FC-3626-41A9-AAD1-CD8D32127854}"
EndProject
Project("{2150E333-8FDC-42A3-9474-1A3956D46DE8}") = "Functions", "Functions", "{93C9F952-46C9-4DA3-9EB6-0E1353B4396A}"
EndProject
Project("{FAE04EC0-301F-11D3-BF4B-00C04F79EFBC}") = "Sessions.Core", "Modules\Sessions.Core\Sessions.Core.csproj", "{258F3B44-2A2A-42DC-B445-87E02F97F15D}"
EndProject
Project("{FAE04EC0-301F-11D3-BF4B-00C04F79EFBC}") = "Characters.Core", "Modules\Characters.Core\Characters.Core.csproj", "{FCF9BF1C-1EF5-4D23-A0A4-CAD87C2E22BC}"
EndProject
Project("{2150E333-8FDC-42A3-9474-1A3956D46DE8}") = "Characters", "Characters", "{09035D49-BBF0-46EC-A6D5-4545D488F155}"
EndProject
Project("{2150E333-8FDC-42A3-9474-1A3956D46DE8}") = "Sessions", "Sessions", "{FFAFED2A-4558-49DA-9729-A877075464F7}"
EndProject
Project("{FAE04EC0-301F-11D3-BF4B-00C04F79EFBC}") = "Characters.Api", "Functions\Characters\Characters.Api\Characters.Api.csproj", "{21DFCCEB-3C02-4220-B0C8-ABB20535ACC3}"
EndProject
Project("{FAE04EC0-301F-11D3-BF4B-00C04F79EFBC}") = "Characters.Mongo", "Functions\Characters\Characters.Mongo\Characters.Mongo.csproj", "{4A826D8A-1FCF-4253-8438-90570AB5CA78}"
EndProject
Project("{FAE04EC0-301F-11D3-BF4B-00C04F79EFBC}") = "DeadLetterSink", "Functions\DeadLetterSink\DeadLetterSink.csproj", "{438D0197-5100-4658-8B87-000C05230C01}"
EndProject
Project("{FAE04EC0-301F-11D3-BF4B-00C04F79EFBC}") = "Functions.Infrastructure", "Shared\Functions.Infrastructure\Functions.Infrastructure.csproj", "{A6E4A6D5-975D-4D99-A29D-A3F804AE15C3}"
EndProject
Project("{FAE04EC0-301F-11D3-BF4B-00C04F79EFBC}") = "Functions.Mongo", "Shared\Functions.Mongo\Functions.Mongo.csproj", "{B42E82DC-4DBB-43FB-AC68-A4B6AA7F981E}"
EndProject
Project("{2150E333-8FDC-42A3-9474-1A3956D46DE8}") = "Players", "Players", "{62230CCC-02E9-4A5C-A3EF-D6387AABA57C}"
EndProject
Project("{FAE04EC0-301F-11D3-BF4B-00C04F79EFBC}") = "Players.Core", "Modules\Players.Core\Players.Core.csproj", "{142B3B90-918E-4B05-95D4-5E7920717F88}"
EndProject
Project("{FAE04EC0-301F-11D3-BF4B-00C04F79EFBC}") = "Players.Api", "Functions\Players\Players.Api\Players.Api.csproj", "{5B2F6A86-6046-45DB-B7AE-4194928A768E}"
EndProject
Project("{FAE04EC0-301F-11D3-BF4B-00C04F79EFBC}") = "Players.Mongo", "Functions\Players\Players.Mongo\Players.Mongo.csproj", "{FF9BE5A3-88E5-4E72-84CF-53964213B576}"
EndProject
Project("{FAE04EC0-301F-11D3-BF4B-00C04F79EFBC}") = "Sessions.Api", "Functions\Sessions\Sessions.Api\Sessions.Api.csproj", "{14134F50-47CC-4973-81C7-04CE9F7C72A0}"
EndProject
Project("{FAE04EC0-301F-11D3-BF4B-00C04F79EFBC}") = "Sessions.Mongo", "Functions\Sessions\Sessions.Mongo\Sessions.Mongo.csproj", "{D9495480-7D22-473A-8807-9F7FDA8820D8}"
EndProject
Project("{FAE04EC0-301F-11D3-BF4B-00C04F79EFBC}") = "Players.Mongo.Core", "Modules\Players.Mongo.Core\Players.Mongo.Core.csproj", "{FB220451-4AB8-4BAB-BEA9-D74EFB83A86D}"
EndProject
Global
	GlobalSection(SolutionConfigurationPlatforms) = preSolution
		Debug|Any CPU = Debug|Any CPU
		Release|Any CPU = Release|Any CPU
	EndGlobalSection
	GlobalSection(ProjectConfigurationPlatforms) = postSolution
		{258F3B44-2A2A-42DC-B445-87E02F97F15D}.Debug|Any CPU.ActiveCfg = Debug|Any CPU
		{258F3B44-2A2A-42DC-B445-87E02F97F15D}.Debug|Any CPU.Build.0 = Debug|Any CPU
		{258F3B44-2A2A-42DC-B445-87E02F97F15D}.Release|Any CPU.ActiveCfg = Release|Any CPU
		{258F3B44-2A2A-42DC-B445-87E02F97F15D}.Release|Any CPU.Build.0 = Release|Any CPU
		{FCF9BF1C-1EF5-4D23-A0A4-CAD87C2E22BC}.Debug|Any CPU.ActiveCfg = Debug|Any CPU
		{FCF9BF1C-1EF5-4D23-A0A4-CAD87C2E22BC}.Debug|Any CPU.Build.0 = Debug|Any CPU
		{FCF9BF1C-1EF5-4D23-A0A4-CAD87C2E22BC}.Release|Any CPU.ActiveCfg = Release|Any CPU
		{FCF9BF1C-1EF5-4D23-A0A4-CAD87C2E22BC}.Release|Any CPU.Build.0 = Release|Any CPU
		{21DFCCEB-3C02-4220-B0C8-ABB20535ACC3}.Debug|Any CPU.ActiveCfg = Debug|Any CPU
		{21DFCCEB-3C02-4220-B0C8-ABB20535ACC3}.Debug|Any CPU.Build.0 = Debug|Any CPU
		{21DFCCEB-3C02-4220-B0C8-ABB20535ACC3}.Release|Any CPU.ActiveCfg = Release|Any CPU
		{21DFCCEB-3C02-4220-B0C8-ABB20535ACC3}.Release|Any CPU.Build.0 = Release|Any CPU
		{4A826D8A-1FCF-4253-8438-90570AB5CA78}.Debug|Any CPU.ActiveCfg = Debug|Any CPU
		{4A826D8A-1FCF-4253-8438-90570AB5CA78}.Debug|Any CPU.Build.0 = Debug|Any CPU
		{4A826D8A-1FCF-4253-8438-90570AB5CA78}.Release|Any CPU.ActiveCfg = Release|Any CPU
		{4A826D8A-1FCF-4253-8438-90570AB5CA78}.Release|Any CPU.Build.0 = Release|Any CPU
		{438D0197-5100-4658-8B87-000C05230C01}.Debug|Any CPU.ActiveCfg = Debug|Any CPU
		{438D0197-5100-4658-8B87-000C05230C01}.Debug|Any CPU.Build.0 = Debug|Any CPU
		{438D0197-5100-4658-8B87-000C05230C01}.Release|Any CPU.ActiveCfg = Release|Any CPU
		{438D0197-5100-4658-8B87-000C05230C01}.Release|Any CPU.Build.0 = Release|Any CPU
		{A6E4A6D5-975D-4D99-A29D-A3F804AE15C3}.Debug|Any CPU.ActiveCfg = Debug|Any CPU
		{A6E4A6D5-975D-4D99-A29D-A3F804AE15C3}.Debug|Any CPU.Build.0 = Debug|Any CPU
		{A6E4A6D5-975D-4D99-A29D-A3F804AE15C3}.Release|Any CPU.ActiveCfg = Release|Any CPU
		{A6E4A6D5-975D-4D99-A29D-A3F804AE15C3}.Release|Any CPU.Build.0 = Release|Any CPU
		{B42E82DC-4DBB-43FB-AC68-A4B6AA7F981E}.Debug|Any CPU.ActiveCfg = Debug|Any CPU
		{B42E82DC-4DBB-43FB-AC68-A4B6AA7F981E}.Debug|Any CPU.Build.0 = Debug|Any CPU
		{B42E82DC-4DBB-43FB-AC68-A4B6AA7F981E}.Release|Any CPU.ActiveCfg = Release|Any CPU
		{B42E82DC-4DBB-43FB-AC68-A4B6AA7F981E}.Release|Any CPU.Build.0 = Release|Any CPU
		{142B3B90-918E-4B05-95D4-5E7920717F88}.Debug|Any CPU.ActiveCfg = Debug|Any CPU
		{142B3B90-918E-4B05-95D4-5E7920717F88}.Debug|Any CPU.Build.0 = Debug|Any CPU
		{142B3B90-918E-4B05-95D4-5E7920717F88}.Release|Any CPU.ActiveCfg = Release|Any CPU
		{142B3B90-918E-4B05-95D4-5E7920717F88}.Release|Any CPU.Build.0 = Release|Any CPU
		{5B2F6A86-6046-45DB-B7AE-4194928A768E}.Debug|Any CPU.ActiveCfg = Debug|Any CPU
		{5B2F6A86-6046-45DB-B7AE-4194928A768E}.Debug|Any CPU.Build.0 = Debug|Any CPU
		{5B2F6A86-6046-45DB-B7AE-4194928A768E}.Release|Any CPU.ActiveCfg = Release|Any CPU
		{5B2F6A86-6046-45DB-B7AE-4194928A768E}.Release|Any CPU.Build.0 = Release|Any CPU
		{FF9BE5A3-88E5-4E72-84CF-53964213B576}.Debug|Any CPU.ActiveCfg = Debug|Any CPU
		{FF9BE5A3-88E5-4E72-84CF-53964213B576}.Debug|Any CPU.Build.0 = Debug|Any CPU
		{FF9BE5A3-88E5-4E72-84CF-53964213B576}.Release|Any CPU.ActiveCfg = Release|Any CPU
		{FF9BE5A3-88E5-4E72-84CF-53964213B576}.Release|Any CPU.Build.0 = Release|Any CPU
		{14134F50-47CC-4973-81C7-04CE9F7C72A0}.Debug|Any CPU.ActiveCfg = Debug|Any CPU
		{14134F50-47CC-4973-81C7-04CE9F7C72A0}.Debug|Any CPU.Build.0 = Debug|Any CPU
		{14134F50-47CC-4973-81C7-04CE9F7C72A0}.Release|Any CPU.ActiveCfg = Release|Any CPU
		{14134F50-47CC-4973-81C7-04CE9F7C72A0}.Release|Any CPU.Build.0 = Release|Any CPU
		{D9495480-7D22-473A-8807-9F7FDA8820D8}.Debug|Any CPU.ActiveCfg = Debug|Any CPU
		{D9495480-7D22-473A-8807-9F7FDA8820D8}.Debug|Any CPU.Build.0 = Debug|Any CPU
		{D9495480-7D22-473A-8807-9F7FDA8820D8}.Release|Any CPU.ActiveCfg = Release|Any CPU
		{D9495480-7D22-473A-8807-9F7FDA8820D8}.Release|Any CPU.Build.0 = Release|Any CPU
		{FB220451-4AB8-4BAB-BEA9-D74EFB83A86D}.Debug|Any CPU.ActiveCfg = Debug|Any CPU
		{FB220451-4AB8-4BAB-BEA9-D74EFB83A86D}.Debug|Any CPU.Build.0 = Debug|Any CPU
		{FB220451-4AB8-4BAB-BEA9-D74EFB83A86D}.Release|Any CPU.ActiveCfg = Release|Any CPU
		{FB220451-4AB8-4BAB-BEA9-D74EFB83A86D}.Release|Any CPU.Build.0 = Release|Any CPU
	EndGlobalSection
	GlobalSection(NestedProjects) = preSolution
		{258F3B44-2A2A-42DC-B445-87E02F97F15D} = {72F3B8FC-3626-41A9-AAD1-CD8D32127854}
		{FCF9BF1C-1EF5-4D23-A0A4-CAD87C2E22BC} = {72F3B8FC-3626-41A9-AAD1-CD8D32127854}
		{09035D49-BBF0-46EC-A6D5-4545D488F155} = {93C9F952-46C9-4DA3-9EB6-0E1353B4396A}
		{FFAFED2A-4558-49DA-9729-A877075464F7} = {93C9F952-46C9-4DA3-9EB6-0E1353B4396A}
		{21DFCCEB-3C02-4220-B0C8-ABB20535ACC3} = {09035D49-BBF0-46EC-A6D5-4545D488F155}
		{4A826D8A-1FCF-4253-8438-90570AB5CA78} = {09035D49-BBF0-46EC-A6D5-4545D488F155}
		{438D0197-5100-4658-8B87-000C05230C01} = {93C9F952-46C9-4DA3-9EB6-0E1353B4396A}
		{A6E4A6D5-975D-4D99-A29D-A3F804AE15C3} = {72F3B8FC-3626-41A9-AAD1-CD8D32127854}
		{B42E82DC-4DBB-43FB-AC68-A4B6AA7F981E} = {72F3B8FC-3626-41A9-AAD1-CD8D32127854}
		{62230CCC-02E9-4A5C-A3EF-D6387AABA57C} = {93C9F952-46C9-4DA3-9EB6-0E1353B4396A}
		{142B3B90-918E-4B05-95D4-5E7920717F88} = {72F3B8FC-3626-41A9-AAD1-CD8D32127854}
		{5B2F6A86-6046-45DB-B7AE-4194928A768E} = {62230CCC-02E9-4A5C-A3EF-D6387AABA57C}
		{FF9BE5A3-88E5-4E72-84CF-53964213B576} = {62230CCC-02E9-4A5C-A3EF-D6387AABA57C}
		{14134F50-47CC-4973-81C7-04CE9F7C72A0} = {FFAFED2A-4558-49DA-9729-A877075464F7}
		{D9495480-7D22-473A-8807-9F7FDA8820D8} = {FFAFED2A-4558-49DA-9729-A877075464F7}
		{FB220451-4AB8-4BAB-BEA9-D74EFB83A86D} = {72F3B8FC-3626-41A9-AAD1-CD8D32127854}
	EndGlobalSection
EndGlobal
